{
    "_meta": {
        "hash": {
            "sha256": "43efcb4053de7e59d6f6ac37a2770ff1b02594540bad1a0b876ff4180858ebf7"
        },
        "pipfile-spec": 6,
        "requires": {
            "python_version": "3.10"
        },
        "sources": [
            {
                "name": "pypi",
                "url": "https://pypi.org/simple",
                "verify_ssl": true
            }
        ]
    },
    "default": {
        "click": {
            "hashes": [
                "sha256:7682dc8afb30297001674575ea00d1814d808d6a36af415a82bd481d37ba7b8e",
                "sha256:bb4d8133cb15a609f44e8213d9b391b0809795062913b383c62be0ee95b1db48"
            ],
            "index": "pypi",
            "version": "==8.1.3"
        },
        "wand": {
            "hashes": [
                "sha256:373f4a7f2866c868c31ce910e1f9b36a92d132640a20068ec17cea3284fedc57",
                "sha256:ff69eeba36ec243d9a80dec31e738091653dcd01c2668a9c22dc3ff20392596b"
            ],
            "index": "pypi",
            "version": "==0.6.10"
        }
    },
    "develop": {}
}
